
Microsoft Visual Studio Solution File, Format Version 12.00
# Visual Studio Version 17
VisualStudioVersion = 17.0.31903.59
MinimumVisualStudioVersion = 10.0.40219.1
Project("{2150E333-8FDC-42A3-9474-1A3956D46DE8}") = "src", "src", "{827E0CD3-B72D-47B6-A68D-7590B98EB39B}"
EndProject
Project("{FAE04EC0-301F-11D3-BF4B-00C04F79EFBC}") = "TaskbarLyriz.App", "src\TaskbarLyriz.App\TaskbarLyriz.App.csproj", "{9700297B-8D6E-4DCC-95BD-07A18CCB39D2}"
EndProject
Project("{FAE04EC0-301F-11D3-BF4B-00C04F79EFBC}") = "TaskbarLyriz.Core", "src\TaskbarLyriz.Core\TaskbarLyriz.Core.csproj", "{36280D0C-377C-4AC6-834B-5D1084586927}"
EndProject
Project("{FAE04EC0-301F-11D3-BF4B-00C04F79EFBC}") = "TaskbarLyriz.Infrastructure", "src\TaskbarLyriz.Infrastructure\TaskbarLyriz.Infrastructure.csproj", "{5E4E4A37-93C3-4193-9A0A-E3DF1305ED07}"
EndProject
Project("{FAE04EC0-301F-11D3-BF4B-00C04F79EFBC}") = "TaskbarLyriz.Windows", "src\TaskbarLyriz.Windows\TaskbarLyriz.Windows.csproj", "{52B0D52C-D45D-4ECC-99C2-2797C57976F9}"
EndProject
Project("{2150E333-8FDC-42A3-9474-1A3956D46DE8}") = "tests", "tests", "{0AB3BF05-4346-4AA6-1389-037BE0695223}"
EndProject
Project("{FAE04EC0-301F-11D3-BF4B-00C04F79EFBC}") = "TaskbarLyriz.Core.Tests", "tests\TaskbarLyriz.Core.Tests\TaskbarLyriz.Core.Tests.csproj", "{831211A3-E2F8-4735-A8BC-052BF40C5E5F}"
EndProject
Project("{FAE04EC0-301F-11D3-BF4B-00C04F79EFBC}") = "TaskbarLyriz.Infrastructure.Tests", "tests\TaskbarLyriz.Infrastructure.Tests\TaskbarLyriz.Infrastructure.Tests.csproj", "{209B2D0B-D56C-4D45-B62C-36A1F7A61B6F}"
EndProject
Project("{FAE04EC0-301F-11D3-BF4B-00C04F79EFBC}") = "TaskbarLyriz.Windows.Tests", "tests\TaskbarLyriz.Windows.Tests\TaskbarLyriz.Windows.Tests.csproj", "{E3379B8E-5887-4E64-AE0E-BEE89B287F3D}"
EndProject
Global
	GlobalSection(SolutionConfigurationPlatforms) = preSolution
		Debug|Any CPU = Debug|Any CPU
		Debug|x64 = Debug|x64
		Debug|x86 = Debug|x86
		Release|Any CPU = Release|Any CPU
		Release|x64 = Release|x64
		Release|x86 = Release|x86
	EndGlobalSection
	GlobalSection(ProjectConfigurationPlatforms) = postSolution
		{9700297B-8D6E-4DCC-95BD-07A18CCB39D2}.Debug|Any CPU.ActiveCfg = Debug|x86
		{9700297B-8D6E-4DCC-95BD-07A18CCB39D2}.Debug|Any CPU.Build.0 = Debug|x86
		{9700297B-8D6E-4DCC-95BD-07A18CCB39D2}.Debug|x64.ActiveCfg = Debug|x64
		{9700297B-8D6E-4DCC-95BD-07A18CCB39D2}.Debug|x64.Build.0 = Debug|x64
		{9700297B-8D6E-4DCC-95BD-07A18CCB39D2}.Debug|x86.ActiveCfg = Debug|x86
		{9700297B-8D6E-4DCC-95BD-07A18CCB39D2}.Debug|x86.Build.0 = Debug|x86
		{9700297B-8D6E-4DCC-95BD-07A18CCB39D2}.Release|Any CPU.ActiveCfg = Release|x86
		{9700297B-8D6E-4DCC-95BD-07A18CCB39D2}.Release|Any CPU.Build.0 = Release|x86
		{9700297B-8D6E-4DCC-95BD-07A18CCB39D2}.Release|x64.ActiveCfg = Release|x64
		{9700297B-8D6E-4DCC-95BD-07A18CCB39D2}.Release|x64.Build.0 = Release|x64
		{9700297B-8D6E-4DCC-95BD-07A18CCB39D2}.Release|x86.ActiveCfg = Release|x86
		{9700297B-8D6E-4DCC-95BD-07A18CCB39D2}.Release|x86.Build.0 = Release|x86
		{36280D0C-377C-4AC6-834B-5D1084586927}.Debug|Any CPU.ActiveCfg = Debug|Any CPU
		{36280D0C-377C-4AC6-834B-5D1084586927}.Debug|Any CPU.Build.0 = Debug|Any CPU
		{36280D0C-377C-4AC6-834B-5D1084586927}.Debug|x64.ActiveCfg = Debug|Any CPU
		{36280D0C-377C-4AC6-834B-5D1084586927}.Debug|x64.Build.0 = Debug|Any CPU
		{36280D0C-377C-4AC6-834B-5D1084586927}.Debug|x86.ActiveCfg = Debug|Any CPU
		{36280D0C-377C-4AC6-834B-5D1084586927}.Debug|x86.Build.0 = Debug|Any CPU
		{36280D0C-377C-4AC6-834B-5D1084586927}.Release|Any CPU.ActiveCfg = Release|Any CPU
		{36280D0C-377C-4AC6-834B-5D1084586927}.Release|Any CPU.Build.0 = Release|Any CPU
		{36280D0C-377C-4AC6-834B-5D1084586927}.Release|x64.ActiveCfg = Release|Any CPU
		{36280D0C-377C-4AC6-834B-5D1084586927}.Release|x64.Build.0 = Release|Any CPU
		{36280D0C-377C-4AC6-834B-5D1084586927}.Release|x86.ActiveCfg = Release|Any CPU
		{36280D0C-377C-4AC6-834B-5D1084586927}.Release|x86.Build.0 = Release|Any CPU
		{5E4E4A37-93C3-4193-9A0A-E3DF1305ED07}.Debug|Any CPU.ActiveCfg = Debug|Any CPU
		{5E4E4A37-93C3-4193-9A0A-E3DF1305ED07}.Debug|Any CPU.Build.0 = Debug|Any CPU
		{5E4E4A37-93C3-4193-9A0A-E3DF1305ED07}.Debug|x64.ActiveCfg = Debug|Any CPU
		{5E4E4A37-93C3-4193-9A0A-E3DF1305ED07}.Debug|x64.Build.0 = Debug|Any CPU
		{5E4E4A37-93C3-4193-9A0A-E3DF1305ED07}.Debug|x86.ActiveCfg = Debug|Any CPU
		{5E4E4A37-93C3-4193-9A0A-E3DF1305ED07}.Debug|x86.Build.0 = Debug|Any CPU
		{5E4E4A37-93C3-4193-9A0A-E3DF1305ED07}.Release|Any CPU.ActiveCfg = Release|Any CPU
		{5E4E4A37-93C3-4193-9A0A-E3DF1305ED07}.Release|Any CPU.Build.0 = Release|Any CPU
		{5E4E4A37-93C3-4193-9A0A-E3DF1305ED07}.Release|x64.ActiveCfg = Release|Any CPU
		{5E4E4A37-93C3-4193-9A0A-E3DF1305ED07}.Release|x64.Build.0 = Release|Any CPU
		{5E4E4A37-93C3-4193-9A0A-E3DF1305ED07}.Release|x86.ActiveCfg = Release|Any CPU
		{5E4E4A37-93C3-4193-9A0A-E3DF1305ED07}.Release|x86.Build.0 = Release|Any CPU
		{52B0D52C-D45D-4ECC-99C2-2797C57976F9}.Debug|Any CPU.ActiveCfg = Debug|Any CPU
		{52B0D52C-D45D-4ECC-99C2-2797C57976F9}.Debug|Any CPU.Build.0 = Debug|Any CPU
		{52B0D52C-D45D-4ECC-99C2-2797C57976F9}.Debug|x64.ActiveCfg = Debug|Any CPU
		{52B0D52C-D45D-4ECC-99C2-2797C57976F9}.Debug|x64.Build.0 = Debug|Any CPU
		{52B0D52C-D45D-4ECC-99C2-2797C57976F9}.Debug|x86.ActiveCfg = Debug|Any CPU
		{52B0D52C-D45D-4ECC-99C2-2797C57976F9}.Debug|x86.Build.0 = Debug|Any CPU
		{52B0D52C-D45D-4ECC-99C2-2797C57976F9}.Release|Any CPU.ActiveCfg = Release|Any CPU
		{52B0D52C-D45D-4ECC-99C2-2797C57976F9}.Release|Any CPU.Build.0 = Release|Any CPU
		{52B0D52C-D45D-4ECC-99C2-2797C57976F9}.Release|x64.ActiveCfg = Release|Any CPU
		{52B0D52C-D45D-4ECC-99C2-2797C57976F9}.Release|x64.Build.0 = Release|Any CPU
		{52B0D52C-D45D-4ECC-99C2-2797C57976F9}.Release|x86.ActiveCfg = Release|Any CPU
		{52B0D52C-D45D-4ECC-99C2-2797C57976F9}.Release|x86.Build.0 = Release|Any CPU
		{831211A3-E2F8-4735-A8BC-052BF40C5E5F}.Debug|Any CPU.ActiveCfg = Debug|Any CPU
		{831211A3-E2F8-4735-A8BC-052BF40C5E5F}.Debug|Any CPU.Build.0 = Debug|Any CPU
		{831211A3-E2F8-4735-A8BC-052BF40C5E5F}.Debug|x64.ActiveCfg = Debug|Any CPU
		{831211A3-E2F8-4735-A8BC-052BF40C5E5F}.Debug|x64.Build.0 = Debug|Any CPU
		{831211A3-E2F8-4735-A8BC-052BF40C5E5F}.Debug|x86.ActiveCfg = Debug|Any CPU
		{831211A3-E2F8-4735-A8BC-052BF40C5E5F}.Debug|x86.Build.0 = Debug|Any CPU
		{831211A3-E2F8-4735-A8BC-052BF40C5E5F}.Release|Any CPU.ActiveCfg = Release|Any CPU
		{831211A3-E2F8-4735-A8BC-052BF40C5E5F}.Release|Any CPU.Build.0 = Release|Any CPU
		{831211A3-E2F8-4735-A8BC-052BF40C5E5F}.Release|x64.ActiveCfg = Release|Any CPU
		{831211A3-E2F8-4735-A8BC-052BF40C5E5F}.Release|x64.Build.0 = Release|Any CPU
		{831211A3-E2F8-4735-A8BC-052BF40C5E5F}.Release|x86.ActiveCfg = Release|Any CPU
		{831211A3-E2F8-4735-A8BC-052BF40C5E5F}.Release|x86.Build.0 = Release|Any CPU
		{209B2D0B-D56C-4D45-B62C-36A1F7A61B6F}.Debug|Any CPU.ActiveCfg = Debug|Any CPU
		{209B2D0B-D56C-4D45-B62C-36A1F7A61B6F}.Debug|Any CPU.Build.0 = Debug|Any CPU
		{209B2D0B-D56C-4D45-B62C-36A1F7A61B6F}.Debug|x64.ActiveCfg = Debug|Any CPU
		{209B2D0B-D56C-4D45-B62C-36A1F7A61B6F}.Debug|x64.Build.0 = Debug|Any CPU
		{209B2D0B-D56C-4D45-B62C-36A1F7A61B6F}.Debug|x86.ActiveCfg = Debug|Any CPU
		{209B2D0B-D56C-4D45-B62C-36A1F7A61B6F}.Debug|x86.Build.0 = Debug|Any CPU
		{209B2D0B-D56C-4D45-B62C-36A1F7A61B6F}.Release|Any CPU.ActiveCfg = Release|Any CPU
		{209B2D0B-D56C-4D45-B62C-36A1F7A61B6F}.Release|Any CPU.Build.0 = Release|Any CPU
		{209B2D0B-D56C-4D45-B62C-36A1F7A61B6F}.Release|x64.ActiveCfg = Release|Any CPU
		{209B2D0B-D56C-4D45-B62C-36A1F7A61B6F}.Release|x64.Build.0 = Release|Any CPU
		{209B2D0B-D56C-4D45-B62C-36A1F7A61B6F}.Release|x86.ActiveCfg = Release|Any CPU
		{209B2D0B-D56C-4D45-B62C-36A1F7A61B6F}.Release|x86.Build.0 = Release|Any CPU
		{E3379B8E-5887-4E64-AE0E-BEE89B287F3D}.Debug|Any CPU.ActiveCfg = Debug|Any CPU
		{E3379B8E-5887-4E64-AE0E-BEE89B287F3D}.Debug|Any CPU.Build.0 = Debug|Any CPU
		{E3379B8E-5887-4E64-AE0E-BEE89B287F3D}.Debug|x64.ActiveCfg = Debug|Any CPU
		{E3379B8E-5887-4E64-AE0E-BEE89B287F3D}.Debug|x64.Build.0 = Debug|Any CPU
		{E3379B8E-5887-4E64-AE0E-BEE89B287F3D}.Debug|x86.ActiveCfg = Debug|Any CPU
		{E3379B8E-5887-4E64-AE0E-BEE89B287F3D}.Debug|x86.Build.0 = Debug|Any CPU
		{E3379B8E-5887-4E64-AE0E-BEE89B287F3D}.Release|Any CPU.ActiveCfg = Release|Any CPU
		{E3379B8E-5887-4E64-AE0E-BEE89B287F3D}.Release|Any CPU.Build.0 = Release|Any CPU
		{E3379B8E-5887-4E64-AE0E-BEE89B287F3D}.Release|x64.ActiveCfg = Release|Any CPU
		{E3379B8E-5887-4E64-AE0E-BEE89B287F3D}.Release|x64.Build.0 = Release|Any CPU
		{E3379B8E-5887-4E64-AE0E-BEE89B287F3D}.Release|x86.ActiveCfg = Release|Any CPU
		{E3379B8E-5887-4E64-AE0E-BEE89B287F3D}.Release|x86.Build.0 = Release|Any CPU
	EndGlobalSection
	GlobalSection(SolutionProperties) = preSolution
		HideSolutionNode = FALSE
	EndGlobalSection
	GlobalSection(NestedProjects) = preSolution
		{9700297B-8D6E-4DCC-95BD-07A18CCB39D2} = {827E0CD3-B72D-47B6-A68D-7590B98EB39B}
		{36280D0C-377C-4AC6-834B-5D1084586927} = {827E0CD3-B72D-47B6-A68D-7590B98EB39B}
		{5E4E4A37-93C3-4193-9A0A-E3DF1305ED07} = {827E0CD3-B72D-47B6-A68D-7590B98EB39B}
		{52B0D52C-D45D-4ECC-99C2-2797C57976F9} = {827E0CD3-B72D-47B6-A68D-7590B98EB39B}
		{831211A3-E2F8-4735-A8BC-052BF40C5E5F} = {0AB3BF05-4346-4AA6-1389-037BE0695223}
		{209B2D0B-D56C-4D45-B62C-36A1F7A61B6F} = {0AB3BF05-4346-4AA6-1389-037BE0695223}
		{E3379B8E-5887-4E64-AE0E-BEE89B287F3D} = {0AB3BF05-4346-4AA6-1389-037BE0695223}
	EndGlobalSection
EndGlobal
